
Microsoft Visual Studio Solution File, Format Version 12.00
# Visual Studio 2012
Project("{2150E333-8FDC-42A3-9474-1A3956D46DE8}") = "src", "src", "{526BDFDD-D2A1-42BE-A408-84920D368008}"
EndProject
Project("{2150E333-8FDC-42A3-9474-1A3956D46DE8}") = "test", "test", "{22038772-AB4E-4792-AA56-266C9BCB13DD}"
EndProject
Project("{FAE04EC0-301F-11D3-BF4B-00C04F79EFBC}") = "OpenBitly", "OpenBitly\OpenBitly.csproj", "{022C7AB1-AAD5-4126-B825-2541D17573B6}"
EndProject
Project("{2150E333-8FDC-42A3-9474-1A3956D46DE8}") = ".nuget", ".nuget", "{72875DB5-34ED-497C-95D8-235FC1348F51}"
	ProjectSection(SolutionItems) = preProject
		.nuget\NuGet.Config = .nuget\NuGet.Config
		.nuget\NuGet.exe = .nuget\NuGet.exe
		.nuget\NuGet.targets = .nuget\NuGet.targets
		.nuget\OpenBitly.cmd = .nuget\OpenBitly.cmd
		.nuget\OpenBitly.nuspec = .nuget\OpenBitly.nuspec
	EndProjectSection
EndProject
Project("{FAE04EC0-301F-11D3-BF4B-00C04F79EFBC}") = "OpenBitly.Spec", "OpenBitly.Spec\OpenBitly.Spec.csproj", "{EE8E1A2E-72BC-4948-90F4-3D26D657EF68}"
EndProject
Global
	GlobalSection(SolutionConfigurationPlatforms) = preSolution
		Debug|Any CPU = Debug|Any CPU
		Release|Any CPU = Release|Any CPU
	EndGlobalSection
	GlobalSection(ProjectConfigurationPlatforms) = postSolution
		{022C7AB1-AAD5-4126-B825-2541D17573B6}.Debug|Any CPU.ActiveCfg = Debug|Any CPU
		{022C7AB1-AAD5-4126-B825-2541D17573B6}.Debug|Any CPU.Build.0 = Debug|Any CPU
		{022C7AB1-AAD5-4126-B825-2541D17573B6}.Release|Any CPU.ActiveCfg = Release|Any CPU
		{022C7AB1-AAD5-4126-B825-2541D17573B6}.Release|Any CPU.Build.0 = Release|Any CPU
		{EE8E1A2E-72BC-4948-90F4-3D26D657EF68}.Debug|Any CPU.ActiveCfg = Debug|Any CPU
		{EE8E1A2E-72BC-4948-90F4-3D26D657EF68}.Debug|Any CPU.Build.0 = Debug|Any CPU
		{EE8E1A2E-72BC-4948-90F4-3D26D657EF68}.Release|Any CPU.ActiveCfg = Release|Any CPU
		{EE8E1A2E-72BC-4948-90F4-3D26D657EF68}.Release|Any CPU.Build.0 = Release|Any CPU
	EndGlobalSection
	GlobalSection(SolutionProperties) = preSolution
		HideSolutionNode = FALSE
	EndGlobalSection
	GlobalSection(NestedProjects) = preSolution
		{022C7AB1-AAD5-4126-B825-2541D17573B6} = {526BDFDD-D2A1-42BE-A408-84920D368008}
		{EE8E1A2E-72BC-4948-90F4-3D26D657EF68} = {22038772-AB4E-4792-AA56-266C9BCB13DD}
	EndGlobalSection
EndGlobal
